
Microsoft Visual Studio Solution File, Format Version 12.00
# Visual Studio Version 17
VisualStudioVersion = 17.9.34622.214
MinimumVisualStudioVersion = 10.0.40219.1
Project("{FAE04EC0-301F-11D3-BF4B-00C04F79EFBC}") = "Trees", "TreesZaimovDaniel\Trees.csproj", "{C7E73B5E-42A6-4F0C-A8F3-E5ABFC788BD9}"
EndProject
Project("{FAE04EC0-301F-11D3-BF4B-00C04F79EFBC}") = "Trees2", "..\Trees2\Trees2.csproj", "{B3BB025E-C7FC-4ECF-AB2B-B60FD2071EAA}"
EndProject
Global
	GlobalSection(SolutionConfigurationPlatforms) = preSolution
		Debug|Any CPU = Debug|Any CPU
		Release|Any CPU = Release|Any CPU
	EndGlobalSection
	GlobalSection(ProjectConfigurationPlatforms) = postSolution
		{C7E73B5E-42A6-4F0C-A8F3-E5ABFC788BD9}.Debug|Any CPU.ActiveCfg = Debug|Any CPU
		{C7E73B5E-42A6-4F0C-A8F3-E5ABFC788BD9}.Debug|Any CPU.Build.0 = Debug|Any CPU
		{C7E73B5E-42A6-4F0C-A8F3-E5ABFC788BD9}.Release|Any CPU.ActiveCfg = Release|Any CPU
		{C7E73B5E-42A6-4F0C-A8F3-E5ABFC788BD9}.Release|Any CPU.Build.0 = Release|Any CPU
		{B3BB025E-C7FC-4ECF-AB2B-B60FD2071EAA}.Debug|Any CPU.ActiveCfg = Debug|Any CPU
		{B3BB025E-C7FC-4ECF-AB2B-B60FD2071EAA}.Debug|Any CPU.Build.0 = Debug|Any CPU
		{B3BB025E-C7FC-4ECF-AB2B-B60FD2071EAA}.Release|Any CPU.ActiveCfg = Release|Any CPU
		{B3BB025E-C7FC-4ECF-AB2B-B60FD2071EAA}.Release|Any CPU.Build.0 = Release|Any CPU
	EndGlobalSection
	GlobalSection(SolutionProperties) = preSolution
		HideSolutionNode = FALSE
	EndGlobalSection
	GlobalSection(ExtensibilityGlobals) = postSolution
		SolutionGuid = {5DA2755A-379A-4A02-887B-D8236D801F88}
	EndGlobalSection
EndGlobal
